
Microsoft Visual Studio Solution File, Format Version 12.00
# Visual Studio 15
VisualStudioVersion = 15.0.27130.2024
MinimumVisualStudioVersion = 10.0.40219.1
Project("{FAE04EC0-301F-11D3-BF4B-00C04F79EFBC}") = "ThuisOpdrachtTDD", "ThuisOpdrachtTDD\ThuisOpdrachtTDD.csproj", "{B4610AF1-3C0F-41FF-8457-1BE0AED3C6B6}"
EndProject
Global
	GlobalSection(SolutionConfigurationPlatforms) = preSolution
		Debug|Any CPU = Debug|Any CPU
		Release|Any CPU = Release|Any CPU
	EndGlobalSection
	GlobalSection(ProjectConfigurationPlatforms) = postSolution
		{B4610AF1-3C0F-41FF-8457-1BE0AED3C6B6}.Debug|Any CPU.ActiveCfg = Debug|Any CPU
		{B4610AF1-3C0F-41FF-8457-1BE0AED3C6B6}.Debug|Any CPU.Build.0 = Debug|Any CPU
		{B4610AF1-3C0F-41FF-8457-1BE0AED3C6B6}.Release|Any CPU.ActiveCfg = Release|Any CPU
		{B4610AF1-3C0F-41FF-8457-1BE0AED3C6B6}.Release|Any CPU.Build.0 = Release|Any CPU
	EndGlobalSection
	GlobalSection(SolutionProperties) = preSolution
		HideSolutionNode = FALSE
	EndGlobalSection
	GlobalSection(ExtensibilityGlobals) = postSolution
		SolutionGuid = {C43CBD03-A071-4A1F-A358-14FBEB413C01}
	EndGlobalSection
EndGlobal
